// !$*UTF8*$!
{
	archiveVersion = 1;
	classes = {
	};
	objectVersion = 77;
	objects = {

/* Begin PBXContainerItemProxy section */
		AD01D9032D971F9F0061C7C8 /* PBXContainerItemProxy */ = {
			isa = PBXContainerItemProxy;
			containerPortal = AD01D8EA2D971F9E0061C7C8 /* Project object */;
			proxyType = 1;
			remoteGlobalIDString = AD01D8F12D971F9E0061C7C8;
			remoteInfo = CityMap;
		};
		AD01D90D2D971FA00061C7C8 /* PBXContainerItemProxy */ = {
			isa = PBXContainerItemProxy;
			containerPortal = AD01D8EA2D971F9E0061C7C8 /* Project object */;
			proxyType = 1;
			remoteGlobalIDString = AD01D8F12D971F9E0061C7C8;
			remoteInfo = CityMap;
		};
/* End PBXContainerItemProxy section */

/* Begin PBXFileReference section */
		AD01D8F22D971F9E0061C7C8 /* CityMap.app */ = {isa = PBXFileReference; explicitFileType = wrapper.application; includeInIndex = 0; path = CityMap.app; sourceTree = BUILT_PRODUCTS_DIR; };
		AD01D9022D971F9F0061C7C8 /* CityMapTests.xctest */ = {isa = PBXFileReference; explicitFileType = wrapper.cfbundle; includeInIndex = 0; path = CityMapTests.xctest; sourceTree = BUILT_PRODUCTS_DIR; };
		AD01D90C2D971FA00061C7C8 /* CityMapUITests.xctest */ = {isa = PBXFileReference; explicitFileType = wrapper.cfbundle; includeInIndex = 0; path = CityMapUITests.xctest; sourceTree = BUILT_PRODUCTS_DIR; };
/* End PBXFileReference section */

/* Begin PBXFileSystemSynchronizedRootGroup section */
		AD01D8F42D971F9E0061C7C8 /* CityMap */ = {
			isa = PBXFileSystemSynchronizedRootGroup;
			path = CityMap;
			sourceTree = "<group>";
		};
		AD01D9052D971F9F0061C7C8 /* CityMapTests */ = {
			isa = PBXFileSystemSynchronizedRootGroup;
			path = CityMapTests;
			sourceTree = "<group>";
		};
		AD01D90F2D971FA00061C7C8 /* CityMapUITests */ = {
			isa = PBXFileSystemSynchronizedRootGroup;
			path = CityMapUITests;
			sourceTree = "<group>";
		};
/* End PBXFileSystemSynchronizedRootGroup section */

/* Begin PBXFrameworksBuildPhase section */
		AD01D8EF2D971F9E0061C7C8 /* Frameworks */ = {
			isa = PBXFrameworksBuildPhase;
			buildActionMask = 2147483647;
			files = (
			);
			runOnlyForDeploymentPostprocessing = 0;
		};
		AD01D8FF2D971F9F0061C7C8 /* Frameworks */ = {
			isa = PBXFrameworksBuildPhase;
			buildActionMask = 2147483647;
			files = (
			);
			runOnlyForDeploymentPostprocessing = 0;
		};
		AD01D9092D971FA00061C7C8 /* Frameworks */ = {
			isa = PBXFrameworksBuildPhase;
			buildActionMask = 2147483647;
			files = (
			);
			runOnlyForDeploymentPostprocessing = 0;
		};
/* End PBXFrameworksBuildPhase section */

/* Begin PBXGroup section */
		AD01D8E92D971F9E0061C7C8 = {
			isa = PBXGroup;
			children = (
				AD01D8F42D971F9E0061C7C8 /* CityMap */,
				AD01D9052D971F9F0061C7C8 /* CityMapTests */,
				AD01D90F2D971FA00061C7C8 /* CityMapUITests */,
				AD01D8F32D971F9E0061C7C8 /* Products */,
			);
			sourceTree = "<group>";
		};
		AD01D8F32D971F9E0061C7C8 /* Products */ = {
			isa = PBXGroup;
			children = (
				AD01D8F22D971F9E0061C7C8 /* CityMap.app */,
				AD01D9022D971F9F0061C7C8 /* CityMapTests.xctest */,
				AD01D90C2D971FA00061C7C8 /* CityMapUITests.xctest */,
			);
			name = Products;
			sourceTree = "<group>";
		};
/* End PBXGroup section */

/* Begin PBXNativeTarget section */
		AD01D8F12D971F9E0061C7C8 /* CityMap */ = {
			isa = PBXNativeTarget;
			buildConfigurationList = AD01D9162D971FA00061C7C8 /* Build configuration list for PBXNativeTarget "CityMap" */;
			buildPhases = (
				AD01D8EE2D971F9E0061C7C8 /* Sources */,
				AD01D8EF2D971F9E0061C7C8 /* Frameworks */,
				AD01D8F02D971F9E0061C7C8 /* Resources */,
			);
			buildRules = (
			);
			dependencies = (
			);
			fileSystemSynchronizedGroups = (
				AD01D8F42D971F9E0061C7C8 /* CityMap */,
			);
			name = CityMap;
			packageProductDependencies = (
			);
			productName = CityMap;
			productReference = AD01D8F22D971F9E0061C7C8 /* CityMap.app */;
			productType = "com.apple.product-type.application";
		};
		AD01D9012D971F9F0061C7C8 /* CityMapTests */ = {
			isa = PBXNativeTarget;
			buildConfigurationList = AD01D9192D971FA00061C7C8 /* Build configuration list for PBXNativeTarget "CityMapTests" */;
			buildPhases = (
				AD01D8FE2D971F9F0061C7C8 /* Sources */,
				AD01D8FF2D971F9F0061C7C8 /* Frameworks */,
				AD01D9002D971F9F0061C7C8 /* Resources */,
			);
			buildRules = (
			);
			dependencies = (
				AD01D9042D971F9F0061C7C8 /* PBXTargetDependency */,
			);
			fileSystemSynchronizedGroups = (
				AD01D9052D971F9F0061C7C8 /* CityMapTests */,
			);
			name = CityMapTests;
			packageProductDependencies = (
			);
			productName = CityMapTests;
			productReference = AD01D9022D971F9F0061C7C8 /* CityMapTests.xctest */;
			productType = "com.apple.product-type.bundle.unit-test";
		};
		AD01D90B2D971FA00061C7C8 /* CityMapUITests */ = {
			isa = PBXNativeTarget;
			buildConfigurationList = AD01D91C2D971FA00061C7C8 /* Build configuration list for PBXNativeTarget "CityMapUITests" */;
			buildPhases = (
				AD01D9082D971FA00061C7C8 /* Sources */,
				AD01D9092D971FA00061C7C8 /* Frameworks */,
				AD01D90A2D971FA00061C7C8 /* Resources */,
			);
			buildRules = (
			);
			dependencies = (
				AD01D90E2D971FA00061C7C8 /* PBXTargetDependency */,
			);
			fileSystemSynchronizedGroups = (
				AD01D90F2D971FA00061C7C8 /* CityMapUITests */,
			);
			name = CityMapUITests;
			packageProductDependencies = (
			);
			productName = CityMapUITests;
			productReference = AD01D90C2D971FA00061C7C8 /* CityMapUITests.xctest */;
			productType = "com.apple.product-type.bundle.ui-testing";
		};
/* End PBXNativeTarget section */

/* Begin PBXProject section */
		AD01D8EA2D971F9E0061C7C8 /* Project object */ = {
			isa = PBXProject;
			attributes = {
				BuildIndependentTargetsInParallel = 1;
				LastSwiftUpdateCheck = 1620;
				LastUpgradeCheck = 1620;
				TargetAttributes = {
					AD01D8F12D971F9E0061C7C8 = {
						CreatedOnToolsVersion = 16.2;
					};
					AD01D9012D971F9F0061C7C8 = {
						CreatedOnToolsVersion = 16.2;
						TestTargetID = AD01D8F12D971F9E0061C7C8;
					};
					AD01D90B2D971FA00061C7C8 = {
						CreatedOnToolsVersion = 16.2;
						TestTargetID = AD01D8F12D971F9E0061C7C8;
					};
				};
			};
			buildConfigurationList = AD01D8ED2D971F9E0061C7C8 /* Build configuration list for PBXProject "CityMap" */;
			developmentRegion = en;
			hasScannedForEncodings = 0;
			knownRegions = (
				en,
				Base,
			);
			mainGroup = AD01D8E92D971F9E0061C7C8;
			minimizedProjectReferenceProxies = 1;
			preferredProjectObjectVersion = 77;
			productRefGroup = AD01D8F32D971F9E0061C7C8 /* Products */;
			projectDirPath = "";
			projectRoot = "";
			targets = (
				AD01D8F12D971F9E0061C7C8 /* CityMap */,
				AD01D9012D971F9F0061C7C8 /* CityMapTests */,
				AD01D90B2D971FA00061C7C8 /* CityMapUITests */,
			);
		};
/* End PBXProject section */

/* Begin PBXResourcesBuildPhase section */
		AD01D8F02D971F9E0061C7C8 /* Resources */ = {
			isa = PBXResourcesBuildPhase;
			buildActionMask = 2147483647;
			files = (
			);
			runOnlyForDeploymentPostprocessing = 0;
		};
		AD01D9002D971F9F0061C7C8 /* Resources */ = {
			isa = PBXResourcesBuildPhase;
			buildActionMask = 2147483647;
			files = (
			);
			runOnlyForDeploymentPostprocessing = 0;
		};
		AD01D90A2D971FA00061C7C8 /* Resources */ = {
			isa = PBXResourcesBuildPhase;
			buildActionMask = 2147483647;
			files = (
			);
			runOnlyForDeploymentPostprocessing = 0;
		};
/* End PBXResourcesBuildPhase section */

/* Begin PBXSourcesBuildPhase section */
		AD01D8EE2D971F9E0061C7C8 /* Sources */ = {
			isa = PBXSourcesBuildPhase;
			buildActionMask = 2147483647;
			files = (
			);
			runOnlyForDeploymentPostprocessing = 0;
		};
		AD01D8FE2D971F9F0061C7C8 /* Sources */ = {
			isa = PBXSourcesBuildPhase;
			buildActionMask = 2147483647;
			files = (
			);
			runOnlyForDeploymentPostprocessing = 0;
		};
		AD01D9082D971FA00061C7C8 /* Sources */ = {
			isa = PBXSourcesBuildPhase;
			buildActionMask = 2147483647;
			files = (
			);
			runOnlyForDeploymentPostprocessing = 0;
		};
/* End PBXSourcesBuildPhase section */

/* Begin PBXTargetDependency section */
		AD01D9042D971F9F0061C7C8 /* PBXTargetDependency */ = {
			isa = PBXTargetDependency;
			target = AD01D8F12D971F9E0061C7C8 /* CityMap */;
			targetProxy = AD01D9032D971F9F0061C7C8 /* PBXContainerItemProxy */;
		};
		AD01D90E2D971FA00061C7C8 /* PBXTargetDependency */ = {
			isa = PBXTargetDependency;
			target = AD01D8F12D971F9E0061C7C8 /* CityMap */;
			targetProxy = AD01D90D2D971FA00061C7C8 /* PBXContainerItemProxy */;
		};
/* End PBXTargetDependency section */

/* Begin XCBuildConfiguration section */
		AD01D9142D971FA00061C7C8 /* Debug */ = {
			isa = XCBuildConfiguration;
			buildSettings = {
				ALWAYS_SEARCH_USER_PATHS = NO;
				ASSETCATALOG_COMPILER_GENERATE_SWIFT_ASSET_SYMBOL_EXTENSIONS = YES;
				CLANG_ANALYZER_NONNULL = YES;
				CLANG_ANALYZER_NUMBER_OBJECT_CONVERSION = YES_AGGRESSIVE;
				CLANG_CXX_LANGUAGE_STANDARD = "gnu++20";
				CLANG_ENABLE_MODULES = YES;
				CLANG_ENABLE_OBJC_ARC = YES;
				CLANG_ENABLE_OBJC_WEAK = YES;
				CLANG_WARN_BLOCK_CAPTURE_AUTORELEASING = YES;
				CLANG_WARN_BOOL_CONVERSION = YES;
				CLANG_WARN_COMMA = YES;
				CLANG_WARN_CONSTANT_CONVERSION = YES;
				CLANG_WARN_DEPRECATED_OBJC_IMPLEMENTATIONS = YES;
				CLANG_WARN_DIRECT_OBJC_ISA_USAGE = YES_ERROR;
				CLANG_WARN_DOCUMENTATION_COMMENTS = YES;
				CLANG_WARN_EMPTY_BODY = YES;
				CLANG_WARN_ENUM_CONVERSION = YES;
				CLANG_WARN_INFINITE_RECURSION = YES;
				CLANG_WARN_INT_CONVERSION = YES;
				CLANG_WARN_NON_LITERAL_NULL_CONVERSION = YES;
				CLANG_WARN_OBJC_IMPLICIT_RETAIN_SELF = YES;
				CLANG_WARN_OBJC_LITERAL_CONVERSION = YES;
				CLANG_WARN_OBJC_ROOT_CLASS = YES_ERROR;
				CLANG_WARN_QUOTED_INCLUDE_IN_FRAMEWORK_HEADER = YES;
				CLANG_WARN_RANGE_LOOP_ANALYSIS = YES;
				CLANG_WARN_STRICT_PROTOTYPES = YES;
				CLANG_WARN_SUSPICIOUS_MOVE = YES;
				CLANG_WARN_UNGUARDED_AVAILABILITY = YES_AGGRESSIVE;
				CLANG_WARN_UNREACHABLE_CODE = YES;
				CLANG_WARN__DUPLICATE_METHOD_MATCH = YES;
				COPY_PHASE_STRIP = NO;
				DEBUG_INFORMATION_FORMAT = dwarf;
				ENABLE_STRICT_OBJC_MSGSEND = YES;
				ENABLE_TESTABILITY = YES;
				ENABLE_USER_SCRIPT_SANDBOXING = YES;
				GCC_C_LANGUAGE_STANDARD = gnu17;
				GCC_DYNAMIC_NO_PIC = NO;
				GCC_NO_COMMON_BLOCKS = YES;
				GCC_OPTIMIZATION_LEVEL = 0;
				GCC_PREPROCESSOR_DEFINITIONS = (
					"DEBUG=1",
					"$(inherited)",
				);
				GCC_WARN_64_TO_32_BIT_CONVERSION = YES;
				GCC_WARN_ABOUT_RETURN_TYPE = YES_ERROR;
				GCC_WARN_UNDECLARED_SELECTOR = YES;
				GCC_WARN_UNINITIALIZED_AUTOS = YES_AGGRESSIVE;
				GCC_WARN_UNUSED_FUNCTION = YES;
				GCC_WARN_UNUSED_VARIABLE = YES;
				IPHONEOS_DEPLOYMENT_TARGET = 18.2;
				LOCALIZATION_PREFERS_STRING_CATALOGS = YES;
				MTL_ENABLE_DEBUG_INFO = INCLUDE_SOURCE;
				MTL_FAST_MATH = YES;
				ONLY_ACTIVE_ARCH = YES;
				SDKROOT = iphoneos;
				SWIFT_ACTIVE_COMPILATION_CONDITIONS = "DEBUG $(inherited)";
				SWIFT_OPTIMIZATION_LEVEL = "-Onone";
			};
			name = Debug;
		};
		AD01D9152D971FA00061C7C8 /* Release */ = {
			isa = XCBuildConfiguration;
			buildSettings = {
				ALWAYS_SEARCH_USER_PATHS = NO;
				ASSETCATALOG_COMPILER_GENERATE_SWIFT_ASSET_SYMBOL_EXTENSIONS = YES;
				CLANG_ANALYZER_NONNULL = YES;
				CLANG_ANALYZER_NUMBER_OBJECT_CONVERSION = YES_AGGRESSIVE;
				CLANG_CXX_LANGUAGE_STANDARD = "gnu++20";
				CLANG_ENABLE_MODULES = YES;
				CLANG_ENABLE_OBJC_ARC = YES;
				CLANG_ENABLE_OBJC_WEAK = YES;
				CLANG_WARN_BLOCK_CAPTURE_AUTORELEASING = YES;
				CLANG_WARN_BOOL_CONVERSION = YES;
				CLANG_WARN_COMMA = YES;
				CLANG_WARN_CONSTANT_CONVERSION = YES;
				CLANG_WARN_DEPRECATED_OBJC_IMPLEMENTATIONS = YES;
				CLANG_WARN_DIRECT_OBJC_ISA_USAGE = YES_ERROR;
				CLANG_WARN_DOCUMENTATION_COMMENTS = YES;
				CLANG_WARN_EMPTY_BODY = YES;
				CLANG_WARN_ENUM_CONVERSION = YES;
				CLANG_WARN_INFINITE_RECURSION = YES;
				CLANG_WARN_INT_CONVERSION = YES;
				CLANG_WARN_NON_LITERAL_NULL_CONVERSION = YES;
				CLANG_WARN_OBJC_IMPLICIT_RETAIN_SELF = YES;
				CLANG_WARN_OBJC_LITERAL_CONVERSION = YES;
				CLANG_WARN_OBJC_ROOT_CLASS = YES_ERROR;
				CLANG_WARN_QUOTED_INCLUDE_IN_FRAMEWORK_HEADER = YES;
				CLANG_WARN_RANGE_LOOP_ANALYSIS = YES;
				CLANG_WARN_STRICT_PROTOTYPES = YES;
				CLANG_WARN_SUSPICIOUS_MOVE = YES;
				CLANG_WARN_UNGUARDED_AVAILABILITY = YES_AGGRESSIVE;
				CLANG_WARN_UNREACHABLE_CODE = YES;
				CLANG_WARN__DUPLICATE_METHOD_MATCH = YES;
				COPY_PHASE_STRIP = NO;
				DEBUG_INFORMATION_FORMAT = "dwarf-with-dsym";
				ENABLE_NS_ASSERTIONS = NO;
				ENABLE_STRICT_OBJC_MSGSEND = YES;
				ENABLE_USER_SCRIPT_SANDBOXING = YES;
				GCC_C_LANGUAGE_STANDARD = gnu17;
				GCC_NO_COMMON_BLOCKS = YES;
				GCC_WARN_64_TO_32_BIT_CONVERSION = YES;
				GCC_WARN_ABOUT_RETURN_TYPE = YES_ERROR;
				GCC_WARN_UNDECLARED_SELECTOR = YES;
				GCC_WARN_UNINITIALIZED_AUTOS = YES_AGGRESSIVE;
				GCC_WARN_UNUSED_FUNCTION = YES;
				GCC_WARN_UNUSED_VARIABLE = YES;
				IPHONEOS_DEPLOYMENT_TARGET = 18.2;
				LOCALIZATION_PREFERS_STRING_CATALOGS = YES;
				MTL_ENABLE_DEBUG_INFO = NO;
				MTL_FAST_MATH = YES;
				SDKROOT = iphoneos;
				SWIFT_COMPILATION_MODE = wholemodule;
				VALIDATE_PRODUCT = YES;
			};
			name = Release;
		};
		AD01D9172D971FA00061C7C8 /* Debug */ = {
			isa = XCBuildConfiguration;
			buildSettings = {
				ASSETCATALOG_COMPILER_APPICON_NAME = AppIcon;
				ASSETCATALOG_COMPILER_GLOBAL_ACCENT_COLOR_NAME = AccentColor;
				CODE_SIGN_STYLE = Automatic;
				CURRENT_PROJECT_VERSION = 1;
				DEVELOPMENT_ASSET_PATHS = "\"CityMap/Preview Content\"";
				ENABLE_PREVIEWS = YES;
				GENERATE_INFOPLIST_FILE = YES;
				INFOPLIST_KEY_UIApplicationSceneManifest_Generation = YES;
				INFOPLIST_KEY_UIApplicationSupportsIndirectInputEvents = YES;
				INFOPLIST_KEY_UILaunchScreen_Generation = YES;
				INFOPLIST_KEY_UISupportedInterfaceOrientations_iPad = "UIInterfaceOrientationPortrait UIInterfaceOrientationPortraitUpsideDown UIInterfaceOrientationLandscapeLeft UIInterfaceOrientationLandscapeRight";
				INFOPLIST_KEY_UISupportedInterfaceOrientations_iPhone = "UIInterfaceOrientationPortrait UIInterfaceOrientationLandscapeLeft UIInterfaceOrientationLandscapeRight";
				LD_RUNPATH_SEARCH_PATHS = (
					"$(inherited)",
					"@executable_path/Frameworks",
				);
				MARKETING_VERSION = 1.0;
				PRODUCT_BUNDLE_IDENTIFIER = com.practice.GitHubUserApp.CityMap;
				PRODUCT_NAME = "$(TARGET_NAME)";
				SWIFT_EMIT_LOC_STRINGS = YES;
				SWIFT_VERSION = 5.0;
				TARGETED_DEVICE_FAMILY = "1,2";
			};
			name = Debug;
		};
		AD01D9182D971FA00061C7C8 /* Release */ = {
			isa = XCBuildConfiguration;
			buildSettings = {
				ASSETCATALOG_COMPILER_APPICON_NAME = AppIcon;
				ASSETCATALOG_COMPILER_GLOBAL_ACCENT_COLOR_NAME = AccentColor;
				CODE_SIGN_STYLE = Automatic;
				CURRENT_PROJECT_VERSION = 1;
				DEVELOPMENT_ASSET_PATHS = "\"CityMap/Preview Content\"";
				ENABLE_PREVIEWS = YES;
				GENERATE_INFOPLIST_FILE = YES;
				INFOPLIST_KEY_UIApplicationSceneManifest_Generation = YES;
				INFOPLIST_KEY_UIApplicationSupportsIndirectInputEvents = YES;
				INFOPLIST_KEY_UILaunchScreen_Generation = YES;
				INFOPLIST_KEY_UISupportedInterfaceOrientations_iPad = "UIInterfaceOrientationPortrait UIInterfaceOrientationPortraitUpsideDown UIInterfaceOrientationLandscapeLeft UIInterfaceOrientationLandscapeRight";
				INFOPLIST_KEY_UISupportedInterfaceOrientations_iPhone = "UIInterfaceOrientationPortrait UIInterfaceOrientationLandscapeLeft UIInterfaceOrientationLandscapeRight";
				LD_RUNPATH_SEARCH_PATHS = (
					"$(inherited)",
					"@executable_path/Frameworks",
				);
				MARKETING_VERSION = 1.0;
				PRODUCT_BUNDLE_IDENTIFIER = com.practice.GitHubUserApp.CityMap;
				PRODUCT_NAME = "$(TARGET_NAME)";
				SWIFT_EMIT_LOC_STRINGS = YES;
				SWIFT_VERSION = 5.0;
				TARGETED_DEVICE_FAMILY = "1,2";
			};
			name = Release;
		};
		AD01D91A2D971FA00061C7C8 /* Debug */ = {
			isa = XCBuildConfiguration;
			buildSettings = {
				BUNDLE_LOADER = "$(TEST_HOST)";
				CODE_SIGN_STYLE = Automatic;
				CURRENT_PROJECT_VERSION = 1;
				GENERATE_INFOPLIST_FILE = YES;
				IPHONEOS_DEPLOYMENT_TARGET = 18.2;
				MARKETING_VERSION = 1.0;
				PRODUCT_BUNDLE_IDENTIFIER = com.practice.GitHubUserApp.CityMapTests;
				PRODUCT_NAME = "$(TARGET_NAME)";
				SWIFT_EMIT_LOC_STRINGS = NO;
				SWIFT_VERSION = 5.0;
				TARGETED_DEVICE_FAMILY = "1,2";
				TEST_HOST = "$(BUILT_PRODUCTS_DIR)/CityMap.app/$(BUNDLE_EXECUTABLE_FOLDER_PATH)/CityMap";
			};
			name = Debug;
		};
		AD01D91B2D971FA00061C7C8 /* Release */ = {
			isa = XCBuildConfiguration;
			buildSettings = {
				BUNDLE_LOADER = "$(TEST_HOST)";
				CODE_SIGN_STYLE = Automatic;
				CURRENT_PROJECT_VERSION = 1;
				GENERATE_INFOPLIST_FILE = YES;
				IPHONEOS_DEPLOYMENT_TARGET = 18.2;
				MARKETING_VERSION = 1.0;
				PRODUCT_BUNDLE_IDENTIFIER = com.practice.GitHubUserApp.CityMapTests;
				PRODUCT_NAME = "$(TARGET_NAME)";
				SWIFT_EMIT_LOC_STRINGS = NO;
				SWIFT_VERSION = 5.0;
				TARGETED_DEVICE_FAMILY = "1,2";
				TEST_HOST = "$(BUILT_PRODUCTS_DIR)/CityMap.app/$(BUNDLE_EXECUTABLE_FOLDER_PATH)/CityMap";
			};
			name = Release;
		};
		AD01D91D2D971FA00061C7C8 /* Debug */ = {
			isa = XCBuildConfiguration;
			buildSettings = {
				CODE_SIGN_STYLE = Automatic;
				CURRENT_PROJECT_VERSION = 1;
				GENERATE_INFOPLIST_FILE = YES;
				MARKETING_VERSION = 1.0;
				PRODUCT_BUNDLE_IDENTIFIER = com.practice.GitHubUserApp.CityMapUITests;
				PRODUCT_NAME = "$(TARGET_NAME)";
				SWIFT_EMIT_LOC_STRINGS = NO;
				SWIFT_VERSION = 5.0;
				TARGETED_DEVICE_FAMILY = "1,2";
				TEST_TARGET_NAME = CityMap;
			};
			name = Debug;
		};
		AD01D91E2D971FA00061C7C8 /* Release */ = {
			isa = XCBuildConfiguration;
			buildSettings = {
				CODE_SIGN_STYLE = Automatic;
				CURRENT_PROJECT_VERSION = 1;
				GENERATE_INFOPLIST_FILE = YES;
				MARKETING_VERSION = 1.0;
				PRODUCT_BUNDLE_IDENTIFIER = com.practice.GitHubUserApp.CityMapUITests;
				PRODUCT_NAME = "$(TARGET_NAME)";
				SWIFT_EMIT_LOC_STRINGS = NO;
				SWIFT_VERSION = 5.0;
				TARGETED_DEVICE_FAMILY = "1,2";
				TEST_TARGET_NAME = CityMap;
			};
			name = Release;
		};
/* End XCBuildConfiguration section */

/* Begin XCConfigurationList section */
		AD01D8ED2D971F9E0061C7C8 /* Build configuration list for PBXProject "CityMap" */ = {
			isa = XCConfigurationList;
			buildConfigurations = (
				AD01D9142D971FA00061C7C8 /* Debug */,
				AD01D9152D971FA00061C7C8 /* Release */,
			);
			defaultConfigurationIsVisible = 0;
			defaultConfigurationName = Release;
		};
		AD01D9162D971FA00061C7C8 /* Build configuration list for PBXNativeTarget "CityMap" */ = {
			isa = XCConfigurationList;
			buildConfigurations = (
				AD01D9172D971FA00061C7C8 /* Debug */,
				AD01D9182D971FA00061C7C8 /* Release */,
			);
			defaultConfigurationIsVisible = 0;
			defaultConfigurationName = Release;
		};
		AD01D9192D971FA00061C7C8 /* Build configuration list for PBXNativeTarget "CityMapTests" */ = {
			isa = XCConfigurationList;
			buildConfigurations = (
				AD01D91A2D971FA00061C7C8 /* Debug */,
				AD01D91B2D971FA00061C7C8 /* Release */,
			);
			defaultConfigurationIsVisible = 0;
			defaultConfigurationName = Release;
		};
		AD01D91C2D971FA00061C7C8 /* Build configuration list for PBXNativeTarget "CityMapUITests" */ = {
			isa = XCConfigurationList;
			buildConfigurations = (
				AD01D91D2D971FA00061C7C8 /* Debug */,
				AD01D91E2D971FA00061C7C8 /* Release */,
			);
			defaultConfigurationIsVisible = 0;
			defaultConfigurationName = Release;
		};
/* End XCConfigurationList section */
	};
	rootObject = AD01D8EA2D971F9E0061C7C8 /* Project object */;
}
